
Microsoft Visual Studio Solution File, Format Version 12.00
# Visual Studio 15
VisualStudioVersion = 15.0.27703.2042
MinimumVisualStudioVersion = 10.0.40219.1
Project("{FAE04EC0-301F-11D3-BF4B-00C04F79EFBC}") = "ProjectDataListPaging", "ProjectTheme\ProjectDataListPaging.csproj", "{CB75E497-D4A3-4BFA-96A7-7A38CEE0E2CA}"
EndProject
Project("{FAE04EC0-301F-11D3-BF4B-00C04F79EFBC}") = "Continued", "Continued\Continued.csproj", "{0F0352BB-3FD8-46EF-AB0B-AC0915CC2D63}"
EndProject
Global
	GlobalSection(SolutionConfigurationPlatforms) = preSolution
		Debug|Any CPU = Debug|Any CPU
		Release|Any CPU = Release|Any CPU
	EndGlobalSection
	GlobalSection(ProjectConfigurationPlatforms) = postSolution
		{CB75E497-D4A3-4BFA-96A7-7A38CEE0E2CA}.Debug|Any CPU.ActiveCfg = Debug|Any CPU
		{CB75E497-D4A3-4BFA-96A7-7A38CEE0E2CA}.Debug|Any CPU.Build.0 = Debug|Any CPU
		{CB75E497-D4A3-4BFA-96A7-7A38CEE0E2CA}.Release|Any CPU.ActiveCfg = Release|Any CPU
		{CB75E497-D4A3-4BFA-96A7-7A38CEE0E2CA}.Release|Any CPU.Build.0 = Release|Any CPU
		{0F0352BB-3FD8-46EF-AB0B-AC0915CC2D63}.Debug|Any CPU.ActiveCfg = Debug|Any CPU
		{0F0352BB-3FD8-46EF-AB0B-AC0915CC2D63}.Debug|Any CPU.Build.0 = Debug|Any CPU
		{0F0352BB-3FD8-46EF-AB0B-AC0915CC2D63}.Release|Any CPU.ActiveCfg = Release|Any CPU
		{0F0352BB-3FD8-46EF-AB0B-AC0915CC2D63}.Release|Any CPU.Build.0 = Release|Any CPU
	EndGlobalSection
	GlobalSection(SolutionProperties) = preSolution
		HideSolutionNode = FALSE
	EndGlobalSection
	GlobalSection(ExtensibilityGlobals) = postSolution
		SolutionGuid = {BFCB7032-5594-44F7-A21C-E9443C0A2002}
	EndGlobalSection
EndGlobal
